
Microsoft Visual Studio Solution File, Format Version 12.00
# Visual Studio Version 17
VisualStudioVersion = 17.10.35013.160
MinimumVisualStudioVersion = 10.0.40219.1
Project("{9A19103F-16F7-4668-BE54-9A1E7A4F7556}") = "KeypadSystem", "KeypadSystem\KeypadSystem.csproj", "{02D026A0-2272-46A6-B30A-3569A93CF207}"
EndProject
Project("{9A19103F-16F7-4668-BE54-9A1E7A4F7556}") = "KeypadSystem.Client", "KeypadSystem.Client\KeypadSystem.Client.csproj", "{AD5136DB-135A-4924-A7BA-272FE62C26CE}"
EndProject
Project("{9A19103F-16F7-4668-BE54-9A1E7A4F7556}") = "DataAccessLibrary", "..\DataAccessLibrary\DataAccessLibrary.csproj", "{D3BE643A-FF7D-4B0A-91D9-0E66C3FDB0CF}"
EndProject
Global
	GlobalSection(SolutionConfigurationPlatforms) = preSolution
		Debug|Any CPU = Debug|Any CPU
		Release|Any CPU = Release|Any CPU
	EndGlobalSection
	GlobalSection(ProjectConfigurationPlatforms) = postSolution
		{02D026A0-2272-46A6-B30A-3569A93CF207}.Debug|Any CPU.ActiveCfg = Debug|Any CPU
		{02D026A0-2272-46A6-B30A-3569A93CF207}.Debug|Any CPU.Build.0 = Debug|Any CPU
		{02D026A0-2272-46A6-B30A-3569A93CF207}.Release|Any CPU.ActiveCfg = Release|Any CPU
		{02D026A0-2272-46A6-B30A-3569A93CF207}.Release|Any CPU.Build.0 = Release|Any CPU
		{AD5136DB-135A-4924-A7BA-272FE62C26CE}.Debug|Any CPU.ActiveCfg = Debug|Any CPU
		{AD5136DB-135A-4924-A7BA-272FE62C26CE}.Debug|Any CPU.Build.0 = Debug|Any CPU
		{AD5136DB-135A-4924-A7BA-272FE62C26CE}.Release|Any CPU.ActiveCfg = Release|Any CPU
		{AD5136DB-135A-4924-A7BA-272FE62C26CE}.Release|Any CPU.Build.0 = Release|Any CPU
		{D3BE643A-FF7D-4B0A-91D9-0E66C3FDB0CF}.Debug|Any CPU.ActiveCfg = Debug|Any CPU
		{D3BE643A-FF7D-4B0A-91D9-0E66C3FDB0CF}.Debug|Any CPU.Build.0 = Debug|Any CPU
		{D3BE643A-FF7D-4B0A-91D9-0E66C3FDB0CF}.Release|Any CPU.ActiveCfg = Release|Any CPU
		{D3BE643A-FF7D-4B0A-91D9-0E66C3FDB0CF}.Release|Any CPU.Build.0 = Release|Any CPU
	EndGlobalSection
	GlobalSection(SolutionProperties) = preSolution
		HideSolutionNode = FALSE
	EndGlobalSection
	GlobalSection(ExtensibilityGlobals) = postSolution
		SolutionGuid = {A44FC79A-3496-4576-94D6-0A8D570E427A}
	EndGlobalSection
EndGlobal
